
Microsoft Visual Studio Solution File, Format Version 12.00
# Visual Studio 15
VisualStudioVersion = 15.0.28010.2026
MinimumVisualStudioVersion = 10.0.40219.1
Project("{FAE04EC0-301F-11D3-BF4B-00C04F79EFBC}") = "EjercicioInterfaces", "EjercicioInterfaces\EjercicioInterfaces.csproj", "{AAF92998-2651-4150-A8A3-379DA596C5F8}"
EndProject
Global
	GlobalSection(SolutionConfigurationPlatforms) = preSolution
		Debug|Any CPU = Debug|Any CPU
		Release|Any CPU = Release|Any CPU
	EndGlobalSection
	GlobalSection(ProjectConfigurationPlatforms) = postSolution
		{AAF92998-2651-4150-A8A3-379DA596C5F8}.Debug|Any CPU.ActiveCfg = Debug|Any CPU
		{AAF92998-2651-4150-A8A3-379DA596C5F8}.Debug|Any CPU.Build.0 = Debug|Any CPU
		{AAF92998-2651-4150-A8A3-379DA596C5F8}.Release|Any CPU.ActiveCfg = Release|Any CPU
		{AAF92998-2651-4150-A8A3-379DA596C5F8}.Release|Any CPU.Build.0 = Release|Any CPU
	EndGlobalSection
	GlobalSection(SolutionProperties) = preSolution
		HideSolutionNode = FALSE
	EndGlobalSection
	GlobalSection(ExtensibilityGlobals) = postSolution
		SolutionGuid = {1C5681A3-10EB-42A7-BAFA-59BAB0B43655}
	EndGlobalSection
EndGlobal
